
Microsoft Visual Studio Solution File, Format Version 12.00
# Visual Studio Version 17
VisualStudioVersion = 17.9.34728.123
MinimumVisualStudioVersion = 10.0.40219.1
Project("{FAE04EC0-301F-11D3-BF4B-00C04F79EFBC}") = "Zachary Renyhart Assignment 4.1.1 WinFormsApp", "Zachary Renyhart Assignment 4.1.1 WinFormsApp.csproj", "{C188E902-F560-401D-BBDB-BBF82173A863}"
EndProject
Global
	GlobalSection(SolutionConfigurationPlatforms) = preSolution
		Debug|Any CPU = Debug|Any CPU
		Release|Any CPU = Release|Any CPU
	EndGlobalSection
	GlobalSection(ProjectConfigurationPlatforms) = postSolution
		{C188E902-F560-401D-BBDB-BBF82173A863}.Debug|Any CPU.ActiveCfg = Debug|Any CPU
		{C188E902-F560-401D-BBDB-BBF82173A863}.Debug|Any CPU.Build.0 = Debug|Any CPU
		{C188E902-F560-401D-BBDB-BBF82173A863}.Release|Any CPU.ActiveCfg = Release|Any CPU
		{C188E902-F560-401D-BBDB-BBF82173A863}.Release|Any CPU.Build.0 = Release|Any CPU
	EndGlobalSection
	GlobalSection(SolutionProperties) = preSolution
		HideSolutionNode = FALSE
	EndGlobalSection
	GlobalSection(ExtensibilityGlobals) = postSolution
		SolutionGuid = {C0610B27-FED5-4131-B9FC-897355372FFE}
	EndGlobalSection
EndGlobal
