
Microsoft Visual Studio Solution File, Format Version 12.00
# Visual Studio Version 17
VisualStudioVersion = 17.9.34728.123
MinimumVisualStudioVersion = 10.0.40219.1
Project("{FAE04EC0-301F-11D3-BF4B-00C04F79EFBC}") = "Zachary Renyhart Assignment 3.1.1", "Zachary Renyhart Assignment 3.1.1.csproj", "{3C4D5F33-A141-44F7-BCA8-F95A1508F768}"
EndProject
Global
	GlobalSection(SolutionConfigurationPlatforms) = preSolution
		Debug|Any CPU = Debug|Any CPU
		Release|Any CPU = Release|Any CPU
	EndGlobalSection
	GlobalSection(ProjectConfigurationPlatforms) = postSolution
		{3C4D5F33-A141-44F7-BCA8-F95A1508F768}.Debug|Any CPU.ActiveCfg = Debug|Any CPU
		{3C4D5F33-A141-44F7-BCA8-F95A1508F768}.Debug|Any CPU.Build.0 = Debug|Any CPU
		{3C4D5F33-A141-44F7-BCA8-F95A1508F768}.Release|Any CPU.ActiveCfg = Release|Any CPU
		{3C4D5F33-A141-44F7-BCA8-F95A1508F768}.Release|Any CPU.Build.0 = Release|Any CPU
	EndGlobalSection
	GlobalSection(SolutionProperties) = preSolution
		HideSolutionNode = FALSE
	EndGlobalSection
	GlobalSection(ExtensibilityGlobals) = postSolution
		SolutionGuid = {5C4D87C9-0DDD-493F-99F3-477599363E7E}
	EndGlobalSection
EndGlobal
