
Microsoft Visual Studio Solution File, Format Version 12.00
# Visual Studio Version 17
VisualStudioVersion = 17.9.34728.123
MinimumVisualStudioVersion = 10.0.40219.1
Project("{FAE04EC0-301F-11D3-BF4B-00C04F79EFBC}") = "Practice notes Day 15!", "Practice notes Day 15!.csproj", "{FD90EB53-C06E-4036-871C-6D3AEA3E6354}"
EndProject
Global
	GlobalSection(SolutionConfigurationPlatforms) = preSolution
		Debug|Any CPU = Debug|Any CPU
		Release|Any CPU = Release|Any CPU
	EndGlobalSection
	GlobalSection(ProjectConfigurationPlatforms) = postSolution
		{FD90EB53-C06E-4036-871C-6D3AEA3E6354}.Debug|Any CPU.ActiveCfg = Debug|Any CPU
		{FD90EB53-C06E-4036-871C-6D3AEA3E6354}.Debug|Any CPU.Build.0 = Debug|Any CPU
		{FD90EB53-C06E-4036-871C-6D3AEA3E6354}.Release|Any CPU.ActiveCfg = Release|Any CPU
		{FD90EB53-C06E-4036-871C-6D3AEA3E6354}.Release|Any CPU.Build.0 = Release|Any CPU
	EndGlobalSection
	GlobalSection(SolutionProperties) = preSolution
		HideSolutionNode = FALSE
	EndGlobalSection
	GlobalSection(ExtensibilityGlobals) = postSolution
		SolutionGuid = {88133EB5-64CA-49B6-B509-2C7E9A6A87E2}
	EndGlobalSection
EndGlobal
