
Microsoft Visual Studio Solution File, Format Version 12.00
# Visual Studio Version 17
VisualStudioVersion = 17.9.34728.123
MinimumVisualStudioVersion = 10.0.40219.1
Project("{FAE04EC0-301F-11D3-BF4B-00C04F79EFBC}") = "Day 16 Class notes", "Day 16 Class notes.csproj", "{7B4CC7DB-36EC-478C-ABEA-D3F3C42DE1A2}"
EndProject
Global
	GlobalSection(SolutionConfigurationPlatforms) = preSolution
		Debug|Any CPU = Debug|Any CPU
		Release|Any CPU = Release|Any CPU
	EndGlobalSection
	GlobalSection(ProjectConfigurationPlatforms) = postSolution
		{7B4CC7DB-36EC-478C-ABEA-D3F3C42DE1A2}.Debug|Any CPU.ActiveCfg = Debug|Any CPU
		{7B4CC7DB-36EC-478C-ABEA-D3F3C42DE1A2}.Debug|Any CPU.Build.0 = Debug|Any CPU
		{7B4CC7DB-36EC-478C-ABEA-D3F3C42DE1A2}.Release|Any CPU.ActiveCfg = Release|Any CPU
		{7B4CC7DB-36EC-478C-ABEA-D3F3C42DE1A2}.Release|Any CPU.Build.0 = Release|Any CPU
	EndGlobalSection
	GlobalSection(SolutionProperties) = preSolution
		HideSolutionNode = FALSE
	EndGlobalSection
	GlobalSection(ExtensibilityGlobals) = postSolution
		SolutionGuid = {437C28D3-0D88-4B22-96CA-51F7B21716DB}
	EndGlobalSection
EndGlobal
