
Microsoft Visual Studio Solution File, Format Version 12.00
# Visual Studio Version 17
VisualStudioVersion = 17.9.34728.123
MinimumVisualStudioVersion = 10.0.40219.1
Project("{FAE04EC0-301F-11D3-BF4B-00C04F79EFBC}") = "Zachary Renyhart Assignment 8.2.1", "Zachary Renyhart Assignment 8.2.1.csproj", "{B06F7EBC-4C0B-4E25-A822-4136C98B7203}"
EndProject
Global
	GlobalSection(SolutionConfigurationPlatforms) = preSolution
		Debug|Any CPU = Debug|Any CPU
		Release|Any CPU = Release|Any CPU
	EndGlobalSection
	GlobalSection(ProjectConfigurationPlatforms) = postSolution
		{B06F7EBC-4C0B-4E25-A822-4136C98B7203}.Debug|Any CPU.ActiveCfg = Debug|Any CPU
		{B06F7EBC-4C0B-4E25-A822-4136C98B7203}.Debug|Any CPU.Build.0 = Debug|Any CPU
		{B06F7EBC-4C0B-4E25-A822-4136C98B7203}.Release|Any CPU.ActiveCfg = Release|Any CPU
		{B06F7EBC-4C0B-4E25-A822-4136C98B7203}.Release|Any CPU.Build.0 = Release|Any CPU
	EndGlobalSection
	GlobalSection(SolutionProperties) = preSolution
		HideSolutionNode = FALSE
	EndGlobalSection
	GlobalSection(ExtensibilityGlobals) = postSolution
		SolutionGuid = {4252B608-EC21-4075-9E4F-2C0F5DBC47DF}
	EndGlobalSection
EndGlobal
