
Microsoft Visual Studio Solution File, Format Version 12.00
# Visual Studio Version 17
VisualStudioVersion = 17.9.34728.123
MinimumVisualStudioVersion = 10.0.40219.1
Project("{FAE04EC0-301F-11D3-BF4B-00C04F79EFBC}") = "Day 9 Practice Notes", "Day 9 Practice Notes.csproj", "{AA9629AC-1921-444D-ABD5-53A33A43B8BB}"
EndProject
Global
	GlobalSection(SolutionConfigurationPlatforms) = preSolution
		Debug|Any CPU = Debug|Any CPU
		Release|Any CPU = Release|Any CPU
	EndGlobalSection
	GlobalSection(ProjectConfigurationPlatforms) = postSolution
		{AA9629AC-1921-444D-ABD5-53A33A43B8BB}.Debug|Any CPU.ActiveCfg = Debug|Any CPU
		{AA9629AC-1921-444D-ABD5-53A33A43B8BB}.Debug|Any CPU.Build.0 = Debug|Any CPU
		{AA9629AC-1921-444D-ABD5-53A33A43B8BB}.Release|Any CPU.ActiveCfg = Release|Any CPU
		{AA9629AC-1921-444D-ABD5-53A33A43B8BB}.Release|Any CPU.Build.0 = Release|Any CPU
	EndGlobalSection
	GlobalSection(SolutionProperties) = preSolution
		HideSolutionNode = FALSE
	EndGlobalSection
	GlobalSection(ExtensibilityGlobals) = postSolution
		SolutionGuid = {601A1037-9466-4BD4-A3AA-263BBB8E9DF7}
	EndGlobalSection
EndGlobal
