
Microsoft Visual Studio Solution File, Format Version 12.00
# Visual Studio Version 17
VisualStudioVersion = 17.9.34728.123
MinimumVisualStudioVersion = 10.0.40219.1
Project("{FAE04EC0-301F-11D3-BF4B-00C04F79EFBC}") = "Zachary Renyhart Assignment 5.3.1", "Zachary Renyhart Assignment 5.3.1.csproj", "{6C9D5548-DF05-46C7-9DDC-962D34FC6607}"
EndProject
Global
	GlobalSection(SolutionConfigurationPlatforms) = preSolution
		Debug|Any CPU = Debug|Any CPU
		Release|Any CPU = Release|Any CPU
	EndGlobalSection
	GlobalSection(ProjectConfigurationPlatforms) = postSolution
		{6C9D5548-DF05-46C7-9DDC-962D34FC6607}.Debug|Any CPU.ActiveCfg = Debug|Any CPU
		{6C9D5548-DF05-46C7-9DDC-962D34FC6607}.Debug|Any CPU.Build.0 = Debug|Any CPU
		{6C9D5548-DF05-46C7-9DDC-962D34FC6607}.Release|Any CPU.ActiveCfg = Release|Any CPU
		{6C9D5548-DF05-46C7-9DDC-962D34FC6607}.Release|Any CPU.Build.0 = Release|Any CPU
	EndGlobalSection
	GlobalSection(SolutionProperties) = preSolution
		HideSolutionNode = FALSE
	EndGlobalSection
	GlobalSection(ExtensibilityGlobals) = postSolution
		SolutionGuid = {F8855E2A-A9AD-4135-92DD-FF7E731C7A07}
	EndGlobalSection
EndGlobal
