
Microsoft Visual Studio Solution File, Format Version 12.00
# Visual Studio Version 17
VisualStudioVersion = 17.9.34728.123
MinimumVisualStudioVersion = 10.0.40219.1
Project("{FAE04EC0-301F-11D3-BF4B-00C04F79EFBC}") = "Practice Assesement!! Day 29!", "Practice Assesement!! Day 29!.csproj", "{3D56A3E8-E0B6-469D-B017-DE4E531BB8D6}"
EndProject
Global
	GlobalSection(SolutionConfigurationPlatforms) = preSolution
		Debug|Any CPU = Debug|Any CPU
		Release|Any CPU = Release|Any CPU
	EndGlobalSection
	GlobalSection(ProjectConfigurationPlatforms) = postSolution
		{3D56A3E8-E0B6-469D-B017-DE4E531BB8D6}.Debug|Any CPU.ActiveCfg = Debug|Any CPU
		{3D56A3E8-E0B6-469D-B017-DE4E531BB8D6}.Debug|Any CPU.Build.0 = Debug|Any CPU
		{3D56A3E8-E0B6-469D-B017-DE4E531BB8D6}.Release|Any CPU.ActiveCfg = Release|Any CPU
		{3D56A3E8-E0B6-469D-B017-DE4E531BB8D6}.Release|Any CPU.Build.0 = Release|Any CPU
	EndGlobalSection
	GlobalSection(SolutionProperties) = preSolution
		HideSolutionNode = FALSE
	EndGlobalSection
	GlobalSection(ExtensibilityGlobals) = postSolution
		SolutionGuid = {DB77154A-5AB2-4DA2-ABEA-DC18E2449A3C}
	EndGlobalSection
EndGlobal
