
Microsoft Visual Studio Solution File, Format Version 12.00
# Visual Studio Version 17
VisualStudioVersion = 17.9.34728.123
MinimumVisualStudioVersion = 10.0.40219.1
Project("{FAE04EC0-301F-11D3-BF4B-00C04F79EFBC}") = "Zachary Renyhart Assignment 3.4.1", "Zachary Renyhart Assignment 3.4.1.csproj", "{22E68D6A-BD35-4058-AC40-F359E48300E6}"
EndProject
Global
	GlobalSection(SolutionConfigurationPlatforms) = preSolution
		Debug|Any CPU = Debug|Any CPU
		Release|Any CPU = Release|Any CPU
	EndGlobalSection
	GlobalSection(ProjectConfigurationPlatforms) = postSolution
		{22E68D6A-BD35-4058-AC40-F359E48300E6}.Debug|Any CPU.ActiveCfg = Debug|Any CPU
		{22E68D6A-BD35-4058-AC40-F359E48300E6}.Debug|Any CPU.Build.0 = Debug|Any CPU
		{22E68D6A-BD35-4058-AC40-F359E48300E6}.Release|Any CPU.ActiveCfg = Release|Any CPU
		{22E68D6A-BD35-4058-AC40-F359E48300E6}.Release|Any CPU.Build.0 = Release|Any CPU
	EndGlobalSection
	GlobalSection(SolutionProperties) = preSolution
		HideSolutionNode = FALSE
	EndGlobalSection
	GlobalSection(ExtensibilityGlobals) = postSolution
		SolutionGuid = {716EA65C-61D4-475C-A39D-554037220201}
	EndGlobalSection
EndGlobal
