
Microsoft Visual Studio Solution File, Format Version 12.00
# Visual Studio Version 17
VisualStudioVersion = 17.9.34728.123
MinimumVisualStudioVersion = 10.0.40219.1
Project("{FAE04EC0-301F-11D3-BF4B-00C04F79EFBC}") = "Zachary Renyhart Assignment 1.2 Part3!", "Zachary Renyhart Assignment 1.2 Part3!\Zachary Renyhart Assignment 1.2 Part3!.csproj", "{32676D2D-D1AD-4D4F-A90F-3CD5804D6B2C}"
EndProject
Global
	GlobalSection(SolutionConfigurationPlatforms) = preSolution
		Debug|Any CPU = Debug|Any CPU
		Release|Any CPU = Release|Any CPU
	EndGlobalSection
	GlobalSection(ProjectConfigurationPlatforms) = postSolution
		{32676D2D-D1AD-4D4F-A90F-3CD5804D6B2C}.Debug|Any CPU.ActiveCfg = Debug|Any CPU
		{32676D2D-D1AD-4D4F-A90F-3CD5804D6B2C}.Debug|Any CPU.Build.0 = Debug|Any CPU
		{32676D2D-D1AD-4D4F-A90F-3CD5804D6B2C}.Release|Any CPU.ActiveCfg = Release|Any CPU
		{32676D2D-D1AD-4D4F-A90F-3CD5804D6B2C}.Release|Any CPU.Build.0 = Release|Any CPU
	EndGlobalSection
	GlobalSection(SolutionProperties) = preSolution
		HideSolutionNode = FALSE
	EndGlobalSection
	GlobalSection(ExtensibilityGlobals) = postSolution
		SolutionGuid = {9644AD5B-B364-4935-BD13-6EB2D828BDBA}
	EndGlobalSection
EndGlobal
