
Microsoft Visual Studio Solution File, Format Version 12.00
# Visual Studio Version 17
VisualStudioVersion = 17.9.34728.123
MinimumVisualStudioVersion = 10.0.40219.1
Project("{FAE04EC0-301F-11D3-BF4B-00C04F79EFBC}") = "Day 10 Notes!!!", "Day 10 Notes!!!.csproj", "{E77B0F90-3858-4F00-A38F-70F970AADADD}"
EndProject
Global
	GlobalSection(SolutionConfigurationPlatforms) = preSolution
		Debug|Any CPU = Debug|Any CPU
		Release|Any CPU = Release|Any CPU
	EndGlobalSection
	GlobalSection(ProjectConfigurationPlatforms) = postSolution
		{E77B0F90-3858-4F00-A38F-70F970AADADD}.Debug|Any CPU.ActiveCfg = Debug|Any CPU
		{E77B0F90-3858-4F00-A38F-70F970AADADD}.Debug|Any CPU.Build.0 = Debug|Any CPU
		{E77B0F90-3858-4F00-A38F-70F970AADADD}.Release|Any CPU.ActiveCfg = Release|Any CPU
		{E77B0F90-3858-4F00-A38F-70F970AADADD}.Release|Any CPU.Build.0 = Release|Any CPU
	EndGlobalSection
	GlobalSection(SolutionProperties) = preSolution
		HideSolutionNode = FALSE
	EndGlobalSection
	GlobalSection(ExtensibilityGlobals) = postSolution
		SolutionGuid = {A08A5ADE-3155-4A4B-A06F-D8F20FAC4BF1}
	EndGlobalSection
EndGlobal
