
Microsoft Visual Studio Solution File, Format Version 12.00
# Visual Studio Version 17
VisualStudioVersion = 17.9.34728.123
MinimumVisualStudioVersion = 10.0.40219.1
Project("{FAE04EC0-301F-11D3-BF4B-00C04F79EFBC}") = "Zachary Renyhart Week 5 Challenge 1", "Zachary Renyhart Week 5 Challenge 1.csproj", "{3EDAE767-844C-4E39-9A62-35E120B962EB}"
EndProject
Global
	GlobalSection(SolutionConfigurationPlatforms) = preSolution
		Debug|Any CPU = Debug|Any CPU
		Release|Any CPU = Release|Any CPU
	EndGlobalSection
	GlobalSection(ProjectConfigurationPlatforms) = postSolution
		{3EDAE767-844C-4E39-9A62-35E120B962EB}.Debug|Any CPU.ActiveCfg = Debug|Any CPU
		{3EDAE767-844C-4E39-9A62-35E120B962EB}.Debug|Any CPU.Build.0 = Debug|Any CPU
		{3EDAE767-844C-4E39-9A62-35E120B962EB}.Release|Any CPU.ActiveCfg = Release|Any CPU
		{3EDAE767-844C-4E39-9A62-35E120B962EB}.Release|Any CPU.Build.0 = Release|Any CPU
	EndGlobalSection
	GlobalSection(SolutionProperties) = preSolution
		HideSolutionNode = FALSE
	EndGlobalSection
	GlobalSection(ExtensibilityGlobals) = postSolution
		SolutionGuid = {D891481C-9950-4012-A2F9-711A2CCC60FE}
	EndGlobalSection
EndGlobal
