
Microsoft Visual Studio Solution File, Format Version 12.00
# Visual Studio Version 17
VisualStudioVersion = 17.9.34728.123
MinimumVisualStudioVersion = 10.0.40219.1
Project("{FAE04EC0-301F-11D3-BF4B-00C04F79EFBC}") = "Zachary renyhart Assignment 3.2.1", "Zachary renyhart Assignment 3.2.1.csproj", "{9D01CAE7-A136-46FD-9255-E3B3E48ACE7B}"
EndProject
Global
	GlobalSection(SolutionConfigurationPlatforms) = preSolution
		Debug|Any CPU = Debug|Any CPU
		Release|Any CPU = Release|Any CPU
	EndGlobalSection
	GlobalSection(ProjectConfigurationPlatforms) = postSolution
		{9D01CAE7-A136-46FD-9255-E3B3E48ACE7B}.Debug|Any CPU.ActiveCfg = Debug|Any CPU
		{9D01CAE7-A136-46FD-9255-E3B3E48ACE7B}.Debug|Any CPU.Build.0 = Debug|Any CPU
		{9D01CAE7-A136-46FD-9255-E3B3E48ACE7B}.Release|Any CPU.ActiveCfg = Release|Any CPU
		{9D01CAE7-A136-46FD-9255-E3B3E48ACE7B}.Release|Any CPU.Build.0 = Release|Any CPU
	EndGlobalSection
	GlobalSection(SolutionProperties) = preSolution
		HideSolutionNode = FALSE
	EndGlobalSection
	GlobalSection(ExtensibilityGlobals) = postSolution
		SolutionGuid = {2CCE470E-2E59-4F13-8DB4-15ED85F0B12B}
	EndGlobalSection
EndGlobal
