
Microsoft Visual Studio Solution File, Format Version 12.00
# Visual Studio Version 17
VisualStudioVersion = 17.9.34728.123
MinimumVisualStudioVersion = 10.0.40219.1
Project("{FAE04EC0-301F-11D3-BF4B-00C04F79EFBC}") = "WpfDemoApp2", "WpfDemoApp2.csproj", "{A13620D2-51E2-459E-8EA4-75EB17174640}"
EndProject
Global
	GlobalSection(SolutionConfigurationPlatforms) = preSolution
		Debug|Any CPU = Debug|Any CPU
		Release|Any CPU = Release|Any CPU
	EndGlobalSection
	GlobalSection(ProjectConfigurationPlatforms) = postSolution
		{A13620D2-51E2-459E-8EA4-75EB17174640}.Debug|Any CPU.ActiveCfg = Debug|Any CPU
		{A13620D2-51E2-459E-8EA4-75EB17174640}.Debug|Any CPU.Build.0 = Debug|Any CPU
		{A13620D2-51E2-459E-8EA4-75EB17174640}.Release|Any CPU.ActiveCfg = Release|Any CPU
		{A13620D2-51E2-459E-8EA4-75EB17174640}.Release|Any CPU.Build.0 = Release|Any CPU
	EndGlobalSection
	GlobalSection(SolutionProperties) = preSolution
		HideSolutionNode = FALSE
	EndGlobalSection
	GlobalSection(ExtensibilityGlobals) = postSolution
		SolutionGuid = {3F5018D1-76FE-4496-A8B7-A3E632BE3337}
	EndGlobalSection
EndGlobal
