
Microsoft Visual Studio Solution File, Format Version 12.00
# Visual Studio Version 17
VisualStudioVersion = 17.9.34728.123
MinimumVisualStudioVersion = 10.0.40219.1
Project("{FAE04EC0-301F-11D3-BF4B-00C04F79EFBC}") = "Zachary Renyhart Assignment 4.1.1", "Zachary Renyhart Assignment 4.1.1.csproj", "{7A037184-C259-4BA0-AEA5-1983B4CCB0DF}"
EndProject
Global
	GlobalSection(SolutionConfigurationPlatforms) = preSolution
		Debug|Any CPU = Debug|Any CPU
		Release|Any CPU = Release|Any CPU
	EndGlobalSection
	GlobalSection(ProjectConfigurationPlatforms) = postSolution
		{7A037184-C259-4BA0-AEA5-1983B4CCB0DF}.Debug|Any CPU.ActiveCfg = Debug|Any CPU
		{7A037184-C259-4BA0-AEA5-1983B4CCB0DF}.Debug|Any CPU.Build.0 = Debug|Any CPU
		{7A037184-C259-4BA0-AEA5-1983B4CCB0DF}.Release|Any CPU.ActiveCfg = Release|Any CPU
		{7A037184-C259-4BA0-AEA5-1983B4CCB0DF}.Release|Any CPU.Build.0 = Release|Any CPU
	EndGlobalSection
	GlobalSection(SolutionProperties) = preSolution
		HideSolutionNode = FALSE
	EndGlobalSection
	GlobalSection(ExtensibilityGlobals) = postSolution
		SolutionGuid = {7351B22E-CF53-4A0F-995B-EA0CF30C3BFF}
	EndGlobalSection
EndGlobal
